# THIS IS AN AUTOGENERATED FILE. DO NOT EDIT THIS FILE DIRECTLY.
# yarn lockfile v1


"@napi-rs/cli@^2.18.3":
  version "2.18.3"
  resolved "https://registry.npmjs.org/@napi-rs/cli/-/cli-2.18.3.tgz"
  integrity sha512-L0f4kP0dyG8W5Qtc7MtP73VvLLrOLyRcUEBzknIfu8Jk4Jfhrsx1ItMHgyalYqMSslWdY3ojEfAaU5sx1VyeQQ==
